<?xml version="1.0" encoding="utf-8"?>
<Project ToolsVersion="4.0" xmlns="http://schemas.microsoft.com/developer/msbuild/2003">
  <ItemGroup>
    <Filter Include="Source Files">
      <UniqueIdentifier>{41db5185-7190-4a2e-aff8-948d04081dd8}</UniqueIdentifier>
    </Filter>
    <Filter Include="Generated Files">
      <UniqueIdentifier>{b2ea7c74-34e0-4b9d-b983-c0882d194ce6}</UniqueIdentifier>
      <SourceControlFiles>False</SourceControlFiles>
    </Filter>
  </ItemGroup>
  <ItemGroup>
    <None Include="SampleCOMServerps.def" />
  </ItemGroup>
  <ItemGroup>
    <ClCompile Include="SampleCOMServer_i.c">
      <Filter>Generated Files</Filter>
    </ClCompile>
    <ClCompile Include="SampleCOMServer_p.c">
      <Filter>Generated Files</Filter>
    </ClCompile>
    <ClCompile Include="dlldata.c">
      <Filter>Generated Files</Filter>
    </ClCompile>
  </ItemGroup>
</Project>